
Microsoft Visual Studio Solution File, Format Version 12.00
# Visual Studio Version 16
VisualStudioVersion = 16.0.810.13
MinimumVisualStudioVersion = 10.0.40219.1
Project("{FAE04EC0-301F-11D3-BF4B-00C04F79EFBC}") = "TouristAttractions", "TouristAttractions.csproj", "{00DA3DB0-EEB7-4178-A00B-2537E5FD9AEC}"
EndProject
Global
	GlobalSection(SolutionConfigurationPlatforms) = preSolution
		Debug|Any CPU = Debug|Any CPU
		Release|Any CPU = Release|Any CPU
	EndGlobalSection
	GlobalSection(ProjectConfigurationPlatforms) = postSolution
		{00DA3DB0-EEB7-4178-A00B-2537E5FD9AEC}.Debug|Any CPU.ActiveCfg = Debug|Any CPU
		{00DA3DB0-EEB7-4178-A00B-2537E5FD9AEC}.Debug|Any CPU.Build.0 = Debug|Any CPU
		{00DA3DB0-EEB7-4178-A00B-2537E5FD9AEC}.Release|Any CPU.ActiveCfg = Release|Any CPU
		{00DA3DB0-EEB7-4178-A00B-2537E5FD9AEC}.Release|Any CPU.Build.0 = Release|Any CPU
	EndGlobalSection
	GlobalSection(SolutionProperties) = preSolution
		HideSolutionNode = FALSE
	EndGlobalSection
	GlobalSection(ExtensibilityGlobals) = postSolution
		SolutionGuid = {609D4301-18DD-49B4-9EEA-9DD89F9B209B}
	EndGlobalSection
EndGlobal
